
Microsoft Visual Studio Solution File, Format Version 12.00
# Visual Studio Version 16
VisualStudioVersion = 16.0.29318.209
MinimumVisualStudioVersion = 10.0.40219.1
Project("{FAE04EC0-301F-11D3-BF4B-00C04F79EFBC}") = "RedisCore", "RedisCore\RedisCore.csproj", "{3B774FC6-11A8-4679-A460-03F5E5A43FD2}"
EndProject
Project("{FAE04EC0-301F-11D3-BF4B-00C04F79EFBC}") = "HangfireFun", "HangfireFun\HangfireFun.csproj", "{50AEF771-4F83-4359-95A0-00BC2057F90F}"
EndProject
Global
	GlobalSection(SolutionConfigurationPlatforms) = preSolution
		Debug|Any CPU = Debug|Any CPU
		Release|Any CPU = Release|Any CPU
	EndGlobalSection
	GlobalSection(ProjectConfigurationPlatforms) = postSolution
		{3B774FC6-11A8-4679-A460-03F5E5A43FD2}.Debug|Any CPU.ActiveCfg = Debug|Any CPU
		{3B774FC6-11A8-4679-A460-03F5E5A43FD2}.Debug|Any CPU.Build.0 = Debug|Any CPU
		{3B774FC6-11A8-4679-A460-03F5E5A43FD2}.Release|Any CPU.ActiveCfg = Release|Any CPU
		{3B774FC6-11A8-4679-A460-03F5E5A43FD2}.Release|Any CPU.Build.0 = Release|Any CPU
		{50AEF771-4F83-4359-95A0-00BC2057F90F}.Debug|Any CPU.ActiveCfg = Debug|Any CPU
		{50AEF771-4F83-4359-95A0-00BC2057F90F}.Debug|Any CPU.Build.0 = Debug|Any CPU
		{50AEF771-4F83-4359-95A0-00BC2057F90F}.Release|Any CPU.ActiveCfg = Release|Any CPU
		{50AEF771-4F83-4359-95A0-00BC2057F90F}.Release|Any CPU.Build.0 = Release|Any CPU
	EndGlobalSection
	GlobalSection(SolutionProperties) = preSolution
		HideSolutionNode = FALSE
	EndGlobalSection
	GlobalSection(ExtensibilityGlobals) = postSolution
		SolutionGuid = {A11BDD54-26C1-4326-AB62-8E2041B008B7}
	EndGlobalSection
EndGlobal
